
Microsoft Visual Studio Solution File, Format Version 12.00
# Visual Studio Version 17
VisualStudioVersion = 17.14.37012.4 d17.14
MinimumVisualStudioVersion = 10.0.40219.1
Project("{FAE04EC0-301F-11D3-BF4B-00C04F79EFBC}") = "CuentaBancaria", "CuentaBancaria.csproj", "{97F1C000-80F4-4073-9D74-20F44EB5848B}"
EndProject
Global
	GlobalSection(SolutionConfigurationPlatforms) = preSolution
		Debug|Any CPU = Debug|Any CPU
		Release|Any CPU = Release|Any CPU
	EndGlobalSection
	GlobalSection(ProjectConfigurationPlatforms) = postSolution
		{97F1C000-80F4-4073-9D74-20F44EB5848B}.Debug|Any CPU.ActiveCfg = Debug|Any CPU
		{97F1C000-80F4-4073-9D74-20F44EB5848B}.Debug|Any CPU.Build.0 = Debug|Any CPU
		{97F1C000-80F4-4073-9D74-20F44EB5848B}.Release|Any CPU.ActiveCfg = Release|Any CPU
		{97F1C000-80F4-4073-9D74-20F44EB5848B}.Release|Any CPU.Build.0 = Release|Any CPU
	EndGlobalSection
	GlobalSection(SolutionProperties) = preSolution
		HideSolutionNode = FALSE
	EndGlobalSection
	GlobalSection(ExtensibilityGlobals) = postSolution
		SolutionGuid = {E5D79D5A-35A4-41D2-B062-C4A9317E35B8}
	EndGlobalSection
EndGlobal
